
Microsoft Visual Studio Solution File, Format Version 12.00
# Visual Studio 2012
Project("{FAE04EC0-301F-11D3-BF4B-00C04F79EFBC}") = "MultiCorePrime", "MultiCorePrime\MultiCorePrime.csproj", "{0C52D4AD-8DF2-4D83-B692-6136A0566591}"
EndProject
Global
	GlobalSection(SolutionConfigurationPlatforms) = preSolution
		Debug|Any CPU = Debug|Any CPU
		Release|Any CPU = Release|Any CPU
	EndGlobalSection
	GlobalSection(ProjectConfigurationPlatforms) = postSolution
		{0C52D4AD-8DF2-4D83-B692-6136A0566591}.Debug|Any CPU.ActiveCfg = Debug|Any CPU
		{0C52D4AD-8DF2-4D83-B692-6136A0566591}.Debug|Any CPU.Build.0 = Debug|Any CPU
		{0C52D4AD-8DF2-4D83-B692-6136A0566591}.Release|Any CPU.ActiveCfg = Release|Any CPU
		{0C52D4AD-8DF2-4D83-B692-6136A0566591}.Release|Any CPU.Build.0 = Release|Any CPU
	EndGlobalSection
EndGlobal
